// !$*UTF8*$!
{
	archiveVersion = 1;
	classes = {
	};
	objectVersion = 56;
	objects = {

/* Begin PBXBuildFile section */
		764168002C4E31E600C8845C /* AppDelegate.swift in Sources */ = {isa = PBXBuildFile; fileRef = 764167FF2C4E31E600C8845C /* AppDelegate.swift */; };
		764168022C4E31E600C8845C /* SceneDelegate.swift in Sources */ = {isa = PBXBuildFile; fileRef = 764168012C4E31E600C8845C /* SceneDelegate.swift */; };
		764168092C4E31E700C8845C /* Assets.xcassets in Resources */ = {isa = PBXBuildFile; fileRef = 764168082C4E31E700C8845C /* Assets.xcassets */; };
		7641680C2C4E31E700C8845C /* LaunchScreen.storyboard in Resources */ = {isa = PBXBuildFile; fileRef = 7641680A2C4E31E700C8845C /* LaunchScreen.storyboard */; };
		764168142C4E331700C8845C /* .gitignore in Resources */ = {isa = PBXBuildFile; fileRef = 764168132C4E331700C8845C /* .gitignore */; };
		764168172C4E340C00C8845C /* Constant.swift in Sources */ = {isa = PBXBuildFile; fileRef = 764168162C4E340C00C8845C /* Constant.swift */; };
		7641681A2C4E347000C8845C /* UIColor+.swift in Sources */ = {isa = PBXBuildFile; fileRef = 764168192C4E347000C8845C /* UIColor+.swift */; };
		7641681E2C4E3FD700C8845C /* TabBar.swift in Sources */ = {isa = PBXBuildFile; fileRef = 7641681D2C4E3FD700C8845C /* TabBar.swift */; };
		764168202C4E426100C8845C /* TabBarViewController.swift in Sources */ = {isa = PBXBuildFile; fileRef = 7641681F2C4E426100C8845C /* TabBarViewController.swift */; };
		764168262C4E434400C8845C /* TrendViewController.swift in Sources */ = {isa = PBXBuildFile; fileRef = 764168252C4E434400C8845C /* TrendViewController.swift */; };
		764168282C4E436400C8845C /* RandomImageViewController.swift in Sources */ = {isa = PBXBuildFile; fileRef = 764168272C4E436400C8845C /* RandomImageViewController.swift */; };
		7641682A2C4E436D00C8845C /* SearchViewController.swift in Sources */ = {isa = PBXBuildFile; fileRef = 764168292C4E436D00C8845C /* SearchViewController.swift */; };
		7641682C2C4E437500C8845C /* SaveViewController.swift in Sources */ = {isa = PBXBuildFile; fileRef = 7641682B2C4E437500C8845C /* SaveViewController.swift */; };
		764168312C4E4F3300C8845C /* PhotoCollectionViewCell.swift in Sources */ = {isa = PBXBuildFile; fileRef = 764168302C4E4F3300C8845C /* PhotoCollectionViewCell.swift */; };
		764168342C4E4F5200C8845C /* BaseCollectionViewCell.swift in Sources */ = {isa = PBXBuildFile; fileRef = 764168332C4E4F5200C8845C /* BaseCollectionViewCell.swift */; };
		7641683A2C4E509A00C8845C /* GrayBackgroundView.swift in Sources */ = {isa = PBXBuildFile; fileRef = 764168392C4E509A00C8845C /* GrayBackgroundView.swift */; };
		7641683C2C4E595300C8845C /* BaseViewController.swift in Sources */ = {isa = PBXBuildFile; fileRef = 7641683B2C4E595300C8845C /* BaseViewController.swift */; };
		7641683E2C4E5B3300C8845C /* BarView.swift in Sources */ = {isa = PBXBuildFile; fileRef = 7641683D2C4E5B3300C8845C /* BarView.swift */; };
		764168412C4E5D9600C8845C /* Sort.swift in Sources */ = {isa = PBXBuildFile; fileRef = 764168402C4E5D9600C8845C /* Sort.swift */; };
		764168432C4E5F7200C8845C /* BorderedButton.swift in Sources */ = {isa = PBXBuildFile; fileRef = 764168422C4E5F7200C8845C /* BorderedButton.swift */; };
		764168462C4E62C500C8845C /* ReuseIdentifierProtocol.swift in Sources */ = {isa = PBXBuildFile; fileRef = 764168452C4E62C500C8845C /* ReuseIdentifierProtocol.swift */; };
		764168482C4E632600C8845C /* UIView+.swift in Sources */ = {isa = PBXBuildFile; fileRef = 764168472C4E632600C8845C /* UIView+.swift */; };
		765DB61F2C52829600AF1515 /* LikeTable.swift in Sources */ = {isa = PBXBuildFile; fileRef = 765DB61E2C52829600AF1515 /* LikeTable.swift */; };
		765DB6212C52846200AF1515 /* LikeTabelRepository.swift in Sources */ = {isa = PBXBuildFile; fileRef = 765DB6202C52846200AF1515 /* LikeTabelRepository.swift */; };
		765DB6232C5286BC00AF1515 /* UIViewController+.swift in Sources */ = {isa = PBXBuildFile; fileRef = 765DB6222C5286BC00AF1515 /* UIViewController+.swift */; };
		765DB6252C533AB900AF1515 /* SearchPhoto.swift in Sources */ = {isa = PBXBuildFile; fileRef = 765DB6242C533AB900AF1515 /* SearchPhoto.swift */; };
		765DB6292C53442200AF1515 /* SortDate.swift in Sources */ = {isa = PBXBuildFile; fileRef = 765DB6282C53442200AF1515 /* SortDate.swift */; };
		765DB62D2C534A2200AF1515 /* DetailViewController.swift in Sources */ = {isa = PBXBuildFile; fileRef = 765DB62C2C534A2200AF1515 /* DetailViewController.swift */; };
		765DB62F2C53586B00AF1515 /* TextAlignmentRightLabel.swift in Sources */ = {isa = PBXBuildFile; fileRef = 765DB62E2C53586B00AF1515 /* TextAlignmentRightLabel.swift */; };
		765DB6312C535D8900AF1515 /* Bold15FontLabel.swift in Sources */ = {isa = PBXBuildFile; fileRef = 765DB6302C535D8900AF1515 /* Bold15FontLabel.swift */; };
		765DB6342C5366D900AF1515 /* PhotoData.swift in Sources */ = {isa = PBXBuildFile; fileRef = 765DB6332C5366D900AF1515 /* PhotoData.swift */; };
		765DB6382C536EC400AF1515 /* DateFormatterManager.swift in Sources */ = {isa = PBXBuildFile; fileRef = 765DB6372C536EC400AF1515 /* DateFormatterManager.swift */; };
		765DB63B2C53766100AF1515 /* DetailViewModel.swift in Sources */ = {isa = PBXBuildFile; fileRef = 765DB63A2C53766100AF1515 /* DetailViewModel.swift */; };
		765DB63E2C53767500AF1515 /* Observable.swift in Sources */ = {isa = PBXBuildFile; fileRef = 765DB63D2C53767500AF1515 /* Observable.swift */; };
		765DB6412C5379C500AF1515 /* DocumentManager.swift in Sources */ = {isa = PBXBuildFile; fileRef = 765DB6402C5379C500AF1515 /* DocumentManager.swift */; };
		765DB6452C54D94500AF1515 /* TrendTableViewCell.swift in Sources */ = {isa = PBXBuildFile; fileRef = 765DB6442C54D94500AF1515 /* TrendTableViewCell.swift */; };
		765DB64C2C54F4C500AF1515 /* URLComponent.swift in Sources */ = {isa = PBXBuildFile; fileRef = 765DB64B2C54F4C500AF1515 /* URLComponent.swift */; };
		765DB6522C54F96700AF1515 /* Topic.swift in Sources */ = {isa = PBXBuildFile; fileRef = 765DB6512C54F96700AF1515 /* Topic.swift */; };
		768890052C512208006CD489 /* APIService.swift in Sources */ = {isa = PBXBuildFile; fileRef = 768890042C512208006CD489 /* APIService.swift */; };
		7688900A2C5122AD006CD489 /* APIKey.swift in Sources */ = {isa = PBXBuildFile; fileRef = 768890092C5122AD006CD489 /* APIKey.swift */; };
		7688900D2C512602006CD489 /* ResultPhoto.swift in Sources */ = {isa = PBXBuildFile; fileRef = 7688900C2C512602006CD489 /* ResultPhoto.swift */; };
		76B50CEB2C55221000E79B57 /* SetImageViewController.swift in Sources */ = {isa = PBXBuildFile; fileRef = 76B50CEA2C55221000E79B57 /* SetImageViewController.swift */; };
		76B50CED2C55226E00E79B57 /* SetImageCollectionViewCell.swift in Sources */ = {isa = PBXBuildFile; fileRef = 76B50CEC2C55226E00E79B57 /* SetImageCollectionViewCell.swift */; };
		76B50CEF2C5522ED00E79B57 /* ProfileImageView.swift in Sources */ = {isa = PBXBuildFile; fileRef = 76B50CEE2C5522ED00E79B57 /* ProfileImageView.swift */; };
		76B50CF12C55248200E79B57 /* UIImage+.swift in Sources */ = {isa = PBXBuildFile; fileRef = 76B50CF02C55248200E79B57 /* UIImage+.swift */; };
		76B50CF52C55274A00E79B57 /* OnBoardingViewModel.swift in Sources */ = {isa = PBXBuildFile; fileRef = 76B50CF42C55274A00E79B57 /* OnBoardingViewModel.swift */; };
		76B50CF82C55277A00E79B57 /* State.swift in Sources */ = {isa = PBXBuildFile; fileRef = 76B50CF72C55277A00E79B57 /* State.swift */; };
		76B50CFB2C55292F00E79B57 /* OnBoardingViewController.swift in Sources */ = {isa = PBXBuildFile; fileRef = 76B50CFA2C55292F00E79B57 /* OnBoardingViewController.swift */; };
		76B50CFD2C5529AA00E79B57 /* AccentColorButton.swift in Sources */ = {isa = PBXBuildFile; fileRef = 76B50CFC2C5529AA00E79B57 /* AccentColorButton.swift */; };
		76B50CFF2C552A4800E79B57 /* SetNicknameViewConroller.swift in Sources */ = {isa = PBXBuildFile; fileRef = 76B50CFE2C552A4800E79B57 /* SetNicknameViewConroller.swift */; };
		76B50D022C552E3300E79B57 /* UserDefaultsManager.swift in Sources */ = {isa = PBXBuildFile; fileRef = 76B50D012C552E3300E79B57 /* UserDefaultsManager.swift */; };
		76B50D062C5532A700E79B57 /* UserInfo.swift in Sources */ = {isa = PBXBuildFile; fileRef = 76B50D052C5532A700E79B57 /* UserInfo.swift */; };
		76B50D092C553F4F00E79B57 /* ProfileImageType.swift in Sources */ = {isa = PBXBuildFile; fileRef = 76B50D082C553F4F00E79B57 /* ProfileImageType.swift */; };
		76B50D0C2C55536500E79B57 /* SetMbtiCollectionViewCell.swift in Sources */ = {isa = PBXBuildFile; fileRef = 76B50D0B2C55536500E79B57 /* SetMbtiCollectionViewCell.swift */; };
		76B50D0E2C555A2100E79B57 /* MBTI.swift in Sources */ = {isa = PBXBuildFile; fileRef = 76B50D0D2C555A2100E79B57 /* MBTI.swift */; };
		76B50D102C55A0A000E79B57 /* UIButton+.swift in Sources */ = {isa = PBXBuildFile; fileRef = 76B50D0F2C55A0A000E79B57 /* UIButton+.swift */; };
		76C1DBC82C578D0C00025575 /* IQKeyboardManagerSwift in Frameworks */ = {isa = PBXBuildFile; productRef = 76C1DBC72C578D0C00025575 /* IQKeyboardManagerSwift */; };
		76C1DBCB2C578D1E00025575 /* RealmSwift in Frameworks */ = {isa = PBXBuildFile; productRef = 76C1DBCA2C578D1E00025575 /* RealmSwift */; };
		76C1DBCE2C578D2500025575 /* Toast in Frameworks */ = {isa = PBXBuildFile; productRef = 76C1DBCD2C578D2500025575 /* Toast */; };
		76C1DBD12C578D2D00025575 /* Kingfisher in Frameworks */ = {isa = PBXBuildFile; productRef = 76C1DBD02C578D2D00025575 /* Kingfisher */; };
		76C1DBD42C578D3700025575 /* Alamofire in Frameworks */ = {isa = PBXBuildFile; productRef = 76C1DBD32C578D3700025575 /* Alamofire */; };
		76C1DBDC2C578D4700025575 /* SnapKit in Frameworks */ = {isa = PBXBuildFile; productRef = 76C1DBDB2C578D4700025575 /* SnapKit */; };
		76C1DBDD2C578D9300025575 /* RealmSwift in Embed Frameworks */ = {isa = PBXBuildFile; productRef = 76C1DBCA2C578D1E00025575 /* RealmSwift */; settings = {ATTRIBUTES = (CodeSignOnCopy, ); }; };
/* End PBXBuildFile section */

/* Begin PBXCopyFilesBuildPhase section */
		76C1DBDE2C578D9300025575 /* Embed Frameworks */ = {
			isa = PBXCopyFilesBuildPhase;
			buildActionMask = 2147483647;
			dstPath = "";
			dstSubfolderSpec = 10;
			files = (
				76C1DBDD2C578D9300025575 /* RealmSwift in Embed Frameworks */,
			);
			name = "Embed Frameworks";
			runOnlyForDeploymentPostprocessing = 0;
		};
/* End PBXCopyFilesBuildPhase section */

/* Begin PBXFileReference section */
		764167FC2C4E31E600C8845C /* HelloMyHearts.app */ = {isa = PBXFileReference; explicitFileType = wrapper.application; includeInIndex = 0; path = HelloMyHearts.app; sourceTree = BUILT_PRODUCTS_DIR; };
		764167FF2C4E31E600C8845C /* AppDelegate.swift */ = {isa = PBXFileReference; lastKnownFileType = sourcecode.swift; path = AppDelegate.swift; sourceTree = "<group>"; };
		764168012C4E31E600C8845C /* SceneDelegate.swift */ = {isa = PBXFileReference; lastKnownFileType = sourcecode.swift; path = SceneDelegate.swift; sourceTree = "<group>"; };
		764168082C4E31E700C8845C /* Assets.xcassets */ = {isa = PBXFileReference; lastKnownFileType = folder.assetcatalog; path = Assets.xcassets; sourceTree = "<group>"; };
		7641680B2C4E31E700C8845C /* Base */ = {isa = PBXFileReference; lastKnownFileType = file.storyboard; name = Base; path = Base.lproj/LaunchScreen.storyboard; sourceTree = "<group>"; };
		7641680D2C4E31E700C8845C /* Info.plist */ = {isa = PBXFileReference; lastKnownFileType = text.plist.xml; path = Info.plist; sourceTree = "<group>"; };
		764168132C4E331700C8845C /* .gitignore */ = {isa = PBXFileReference; lastKnownFileType = text; path = .gitignore; sourceTree = "<group>"; };
		764168162C4E340C00C8845C /* Constant.swift */ = {isa = PBXFileReference; lastKnownFileType = sourcecode.swift; path = Constant.swift; sourceTree = "<group>"; };
		764168192C4E347000C8845C /* UIColor+.swift */ = {isa = PBXFileReference; lastKnownFileType = sourcecode.swift; path = "UIColor+.swift"; sourceTree = "<group>"; };
		7641681D2C4E3FD700C8845C /* TabBar.swift */ = {isa = PBXFileReference; lastKnownFileType = sourcecode.swift; path = TabBar.swift; sourceTree = "<group>"; };
		7641681F2C4E426100C8845C /* TabBarViewController.swift */ = {isa = PBXFileReference; lastKnownFileType = sourcecode.swift; path = TabBarViewController.swift; sourceTree = "<group>"; };
		764168252C4E434400C8845C /* TrendViewController.swift */ = {isa = PBXFileReference; lastKnownFileType = sourcecode.swift; path = TrendViewController.swift; sourceTree = "<group>"; };
		764168272C4E436400C8845C /* RandomImageViewController.swift */ = {isa = PBXFileReference; lastKnownFileType = sourcecode.swift; path = RandomImageViewController.swift; sourceTree = "<group>"; };
		764168292C4E436D00C8845C /* SearchViewController.swift */ = {isa = PBXFileReference; lastKnownFileType = sourcecode.swift; path = SearchViewController.swift; sourceTree = "<group>"; };
		7641682B2C4E437500C8845C /* SaveViewController.swift */ = {isa = PBXFileReference; lastKnownFileType = sourcecode.swift; path = SaveViewController.swift; sourceTree = "<group>"; };
		764168302C4E4F3300C8845C /* PhotoCollectionViewCell.swift */ = {isa = PBXFileReference; lastKnownFileType = sourcecode.swift; path = PhotoCollectionViewCell.swift; sourceTree = "<group>"; };
		764168332C4E4F5200C8845C /* BaseCollectionViewCell.swift */ = {isa = PBXFileReference; lastKnownFileType = sourcecode.swift; path = BaseCollectionViewCell.swift; sourceTree = "<group>"; };
		764168392C4E509A00C8845C /* GrayBackgroundView.swift */ = {isa = PBXFileReference; lastKnownFileType = sourcecode.swift; path = GrayBackgroundView.swift; sourceTree = "<group>"; };
		7641683B2C4E595300C8845C /* BaseViewController.swift */ = {isa = PBXFileReference; lastKnownFileType = sourcecode.swift; path = BaseViewController.swift; sourceTree = "<group>"; };
		7641683D2C4E5B3300C8845C /* BarView.swift */ = {isa = PBXFileReference; lastKnownFileType = sourcecode.swift; path = BarView.swift; sourceTree = "<group>"; };
		764168402C4E5D9600C8845C /* Sort.swift */ = {isa = PBXFileReference; lastKnownFileType = sourcecode.swift; path = Sort.swift; sourceTree = "<group>"; };
		764168422C4E5F7200C8845C /* BorderedButton.swift */ = {isa = PBXFileReference; lastKnownFileType = sourcecode.swift; path = BorderedButton.swift; sourceTree = "<group>"; };
		764168452C4E62C500C8845C /* ReuseIdentifierProtocol.swift */ = {isa = PBXFileReference; lastKnownFileType = sourcecode.swift; path = ReuseIdentifierProtocol.swift; sourceTree = "<group>"; };
		764168472C4E632600C8845C /* UIView+.swift */ = {isa = PBXFileReference; lastKnownFileType = sourcecode.swift; path = "UIView+.swift"; sourceTree = "<group>"; };
		765DB61E2C52829600AF1515 /* LikeTable.swift */ = {isa = PBXFileReference; lastKnownFileType = sourcecode.swift; path = LikeTable.swift; sourceTree = "<group>"; };
		765DB6202C52846200AF1515 /* LikeTabelRepository.swift */ = {isa = PBXFileReference; lastKnownFileType = sourcecode.swift; path = LikeTabelRepository.swift; sourceTree = "<group>"; };
		765DB6222C5286BC00AF1515 /* UIViewController+.swift */ = {isa = PBXFileReference; lastKnownFileType = sourcecode.swift; path = "UIViewController+.swift"; sourceTree = "<group>"; };
		765DB6242C533AB900AF1515 /* SearchPhoto.swift */ = {isa = PBXFileReference; lastKnownFileType = sourcecode.swift; path = SearchPhoto.swift; sourceTree = "<group>"; };
		765DB6282C53442200AF1515 /* SortDate.swift */ = {isa = PBXFileReference; lastKnownFileType = sourcecode.swift; path = SortDate.swift; sourceTree = "<group>"; };
		765DB62C2C534A2200AF1515 /* DetailViewController.swift */ = {isa = PBXFileReference; lastKnownFileType = sourcecode.swift; path = DetailViewController.swift; sourceTree = "<group>"; };
		765DB62E2C53586B00AF1515 /* TextAlignmentRightLabel.swift */ = {isa = PBXFileReference; lastKnownFileType = sourcecode.swift; path = TextAlignmentRightLabel.swift; sourceTree = "<group>"; };
		765DB6302C535D8900AF1515 /* Bold15FontLabel.swift */ = {isa = PBXFileReference; lastKnownFileType = sourcecode.swift; path = Bold15FontLabel.swift; sourceTree = "<group>"; };
		765DB6332C5366D900AF1515 /* PhotoData.swift */ = {isa = PBXFileReference; lastKnownFileType = sourcecode.swift; path = PhotoData.swift; sourceTree = "<group>"; };
		765DB6372C536EC400AF1515 /* DateFormatterManager.swift */ = {isa = PBXFileReference; lastKnownFileType = sourcecode.swift; path = DateFormatterManager.swift; sourceTree = "<group>"; };
		765DB63A2C53766100AF1515 /* DetailViewModel.swift */ = {isa = PBXFileReference; lastKnownFileType = sourcecode.swift; path = DetailViewModel.swift; sourceTree = "<group>"; };
		765DB63D2C53767500AF1515 /* Observable.swift */ = {isa = PBXFileReference; lastKnownFileType = sourcecode.swift; path = Observable.swift; sourceTree = "<group>"; };
		765DB6402C5379C500AF1515 /* DocumentManager.swift */ = {isa = PBXFileReference; lastKnownFileType = sourcecode.swift; path = DocumentManager.swift; sourceTree = "<group>"; };
		765DB6442C54D94500AF1515 /* TrendTableViewCell.swift */ = {isa = PBXFileReference; lastKnownFileType = sourcecode.swift; path = TrendTableViewCell.swift; sourceTree = "<group>"; };
		765DB64B2C54F4C500AF1515 /* URLComponent.swift */ = {isa = PBXFileReference; lastKnownFileType = sourcecode.swift; path = URLComponent.swift; sourceTree = "<group>"; };
		765DB6512C54F96700AF1515 /* Topic.swift */ = {isa = PBXFileReference; lastKnownFileType = sourcecode.swift; path = Topic.swift; sourceTree = "<group>"; };
		768890042C512208006CD489 /* APIService.swift */ = {isa = PBXFileReference; lastKnownFileType = sourcecode.swift; path = APIService.swift; sourceTree = "<group>"; };
		768890092C5122AD006CD489 /* APIKey.swift */ = {isa = PBXFileReference; lastKnownFileType = sourcecode.swift; path = APIKey.swift; sourceTree = "<group>"; };
		7688900C2C512602006CD489 /* ResultPhoto.swift */ = {isa = PBXFileReference; lastKnownFileType = sourcecode.swift; path = ResultPhoto.swift; sourceTree = "<group>"; };
		76B50CEA2C55221000E79B57 /* SetImageViewController.swift */ = {isa = PBXFileReference; lastKnownFileType = sourcecode.swift; path = SetImageViewController.swift; sourceTree = "<group>"; };
		76B50CEC2C55226E00E79B57 /* SetImageCollectionViewCell.swift */ = {isa = PBXFileReference; lastKnownFileType = sourcecode.swift; path = SetImageCollectionViewCell.swift; sourceTree = "<group>"; };
		76B50CEE2C5522ED00E79B57 /* ProfileImageView.swift */ = {isa = PBXFileReference; lastKnownFileType = sourcecode.swift; path = ProfileImageView.swift; sourceTree = "<group>"; };
		76B50CF02C55248200E79B57 /* UIImage+.swift */ = {isa = PBXFileReference; lastKnownFileType = sourcecode.swift; path = "UIImage+.swift"; sourceTree = "<group>"; };
		76B50CF42C55274A00E79B57 /* OnBoardingViewModel.swift */ = {isa = PBXFileReference; lastKnownFileType = sourcecode.swift; path = OnBoardingViewModel.swift; sourceTree = "<group>"; };
		76B50CF72C55277A00E79B57 /* State.swift */ = {isa = PBXFileReference; lastKnownFileType = sourcecode.swift; path = State.swift; sourceTree = "<group>"; };
		76B50CFA2C55292F00E79B57 /* OnBoardingViewController.swift */ = {isa = PBXFileReference; lastKnownFileType = sourcecode.swift; path = OnBoardingViewController.swift; sourceTree = "<group>"; };
		76B50CFC2C5529AA00E79B57 /* AccentColorButton.swift */ = {isa = PBXFileReference; lastKnownFileType = sourcecode.swift; path = AccentColorButton.swift; sourceTree = "<group>"; };
		76B50CFE2C552A4800E79B57 /* SetNicknameViewConroller.swift */ = {isa = PBXFileReference; lastKnownFileType = sourcecode.swift; path = SetNicknameViewConroller.swift; sourceTree = "<group>"; };
		76B50D012C552E3300E79B57 /* UserDefaultsManager.swift */ = {isa = PBXFileReference; lastKnownFileType = sourcecode.swift; path = UserDefaultsManager.swift; sourceTree = "<group>"; };
		76B50D052C5532A700E79B57 /* UserInfo.swift */ = {isa = PBXFileReference; lastKnownFileType = sourcecode.swift; path = UserInfo.swift; sourceTree = "<group>"; };
		76B50D082C553F4F00E79B57 /* ProfileImageType.swift */ = {isa = PBXFileReference; lastKnownFileType = sourcecode.swift; path = ProfileImageType.swift; sourceTree = "<group>"; };
		76B50D0B2C55536500E79B57 /* SetMbtiCollectionViewCell.swift */ = {isa = PBXFileReference; lastKnownFileType = sourcecode.swift; path = SetMbtiCollectionViewCell.swift; sourceTree = "<group>"; };
		76B50D0D2C555A2100E79B57 /* MBTI.swift */ = {isa = PBXFileReference; lastKnownFileType = sourcecode.swift; path = MBTI.swift; sourceTree = "<group>"; };
		76B50D0F2C55A0A000E79B57 /* UIButton+.swift */ = {isa = PBXFileReference; lastKnownFileType = sourcecode.swift; path = "UIButton+.swift"; sourceTree = "<group>"; };
/* End PBXFileReference section */

/* Begin PBXFrameworksBuildPhase section */
		764167F92C4E31E600C8845C /* Frameworks */ = {
			isa = PBXFrameworksBuildPhase;
			buildActionMask = 2147483647;
			files = (
				76C1DBD42C578D3700025575 /* Alamofire in Frameworks */,
				76C1DBD12C578D2D00025575 /* Kingfisher in Frameworks */,
				76C1DBCE2C578D2500025575 /* Toast in Frameworks */,
				76C1DBDC2C578D4700025575 /* SnapKit in Frameworks */,
				76C1DBCB2C578D1E00025575 /* RealmSwift in Frameworks */,
				76C1DBC82C578D0C00025575 /* IQKeyboardManagerSwift in Frameworks */,
			);
			runOnlyForDeploymentPostprocessing = 0;
		};
/* End PBXFrameworksBuildPhase section */

/* Begin PBXGroup section */
		764167F32C4E31E600C8845C = {
			isa = PBXGroup;
			children = (
				764168132C4E331700C8845C /* .gitignore */,
				764167FE2C4E31E600C8845C /* HelloMyHearts */,
				764167FD2C4E31E600C8845C /* Products */,
			);
			sourceTree = "<group>";
		};
		764167FD2C4E31E600C8845C /* Products */ = {
			isa = PBXGroup;
			children = (
				764167FC2C4E31E600C8845C /* HelloMyHearts.app */,
			);
			name = Products;
			sourceTree = "<group>";
		};
		764167FE2C4E31E600C8845C /* HelloMyHearts */ = {
			isa = PBXGroup;
			children = (
				764168012C4E31E600C8845C /* SceneDelegate.swift */,
				764167FF2C4E31E600C8845C /* AppDelegate.swift */,
				765DB6192C5281F400AF1515 /* Utill */,
				764168442C4E62B300C8845C /* Protocol */,
				764168382C4E508600C8845C /* CustomView */,
				764168322C4E4F4300C8845C /* Base */,
				764168182C4E346400C8845C /* Extensions */,
				764168152C4E33FA00C8845C /* Helper */,
				76B50CE52C55213D00E79B57 /* OnBoarding */,
				7641681B2C4E3F6400C8845C /* Main */,
				764168082C4E31E700C8845C /* Assets.xcassets */,
				7641680A2C4E31E700C8845C /* LaunchScreen.storyboard */,
				7641680D2C4E31E700C8845C /* Info.plist */,
			);
			path = HelloMyHearts;
			sourceTree = "<group>";
		};
		764168152C4E33FA00C8845C /* Helper */ = {
			isa = PBXGroup;
			children = (
				764168162C4E340C00C8845C /* Constant.swift */,
				765DB63D2C53767500AF1515 /* Observable.swift */,
			);
			path = Helper;
			sourceTree = "<group>";
		};
		764168182C4E346400C8845C /* Extensions */ = {
			isa = PBXGroup;
			children = (
				764168192C4E347000C8845C /* UIColor+.swift */,
				764168472C4E632600C8845C /* UIView+.swift */,
				765DB6222C5286BC00AF1515 /* UIViewController+.swift */,
				76B50CF02C55248200E79B57 /* UIImage+.swift */,
				76B50D0F2C55A0A000E79B57 /* UIButton+.swift */,
			);
			path = Extensions;
			sourceTree = "<group>";
		};
		7641681B2C4E3F6400C8845C /* Main */ = {
			isa = PBXGroup;
			children = (
				7641681C2C4E3FC500C8845C /* TabBar */,
				765DB62A2C534A0900AF1515 /* Detail */,
			);
			path = Main;
			sourceTree = "<group>";
		};
		7641681C2C4E3FC500C8845C /* TabBar */ = {
			isa = PBXGroup;
			children = (
				7641681D2C4E3FD700C8845C /* TabBar.swift */,
				7641681F2C4E426100C8845C /* TabBarViewController.swift */,
				764168212C4E430F00C8845C /* Trend */,
				764168222C4E431500C8845C /* RandomImage */,
				764168232C4E431E00C8845C /* Search */,
				764168242C4E432400C8845C /* Save */,
			);
			path = TabBar;
			sourceTree = "<group>";
		};
		764168212C4E430F00C8845C /* Trend */ = {
			isa = PBXGroup;
			children = (
				765DB6432C54D92900AF1515 /* Views */,
				765DB6422C54D92100AF1515 /* Controller */,
			);
			path = Trend;
			sourceTree = "<group>";
		};
		764168222C4E431500C8845C /* RandomImage */ = {
			isa = PBXGroup;
			children = (
				764168272C4E436400C8845C /* RandomImageViewController.swift */,
			);
			path = RandomImage;
			sourceTree = "<group>";
		};
		764168232C4E431E00C8845C /* Search */ = {
			isa = PBXGroup;
			children = (
				7688900B2C5125D6006CD489 /* Model */,
				7641682F2C4E4F1C00C8845C /* View */,
				7641682D2C4E485800C8845C /* Controller */,
			);
			path = Search;
			sourceTree = "<group>";
		};
		764168242C4E432400C8845C /* Save */ = {
			isa = PBXGroup;
			children = (
				765DB6272C53441600AF1515 /* Model */,
				765DB6262C533D4100AF1515 /* Controller */,
			);
			path = Save;
			sourceTree = "<group>";
		};
		7641682D2C4E485800C8845C /* Controller */ = {
			isa = PBXGroup;
			children = (
				764168292C4E436D00C8845C /* SearchViewController.swift */,
			);
			path = Controller;
			sourceTree = "<group>";
		};
		7641682F2C4E4F1C00C8845C /* View */ = {
			isa = PBXGroup;
			children = (
				764168302C4E4F3300C8845C /* PhotoCollectionViewCell.swift */,
			);
			path = View;
			sourceTree = "<group>";
		};
		764168322C4E4F4300C8845C /* Base */ = {
			isa = PBXGroup;
			children = (
				764168332C4E4F5200C8845C /* BaseCollectionViewCell.swift */,
				7641683B2C4E595300C8845C /* BaseViewController.swift */,
			);
			path = Base;
			sourceTree = "<group>";
		};
		764168382C4E508600C8845C /* CustomView */ = {
			isa = PBXGroup;
			children = (
				764168392C4E509A00C8845C /* GrayBackgroundView.swift */,
				7641683D2C4E5B3300C8845C /* BarView.swift */,
				764168422C4E5F7200C8845C /* BorderedButton.swift */,
				765DB62E2C53586B00AF1515 /* TextAlignmentRightLabel.swift */,
				765DB6302C535D8900AF1515 /* Bold15FontLabel.swift */,
				76B50CEE2C5522ED00E79B57 /* ProfileImageView.swift */,
				76B50CFC2C5529AA00E79B57 /* AccentColorButton.swift */,
			);
			path = CustomView;
			sourceTree = "<group>";
		};
		7641683F2C4E5D6E00C8845C /* API */ = {
			isa = PBXGroup;
			children = (
				765DB6512C54F96700AF1515 /* Topic.swift */,
				764168402C4E5D9600C8845C /* Sort.swift */,
				768890042C512208006CD489 /* APIService.swift */,
				768890092C5122AD006CD489 /* APIKey.swift */,
				765DB64B2C54F4C500AF1515 /* URLComponent.swift */,
			);
			path = API;
			sourceTree = "<group>";
		};
		764168442C4E62B300C8845C /* Protocol */ = {
			isa = PBXGroup;
			children = (
				764168452C4E62C500C8845C /* ReuseIdentifierProtocol.swift */,
			);
			path = Protocol;
			sourceTree = "<group>";
		};
		765DB6182C5281E100AF1515 /* Realm */ = {
			isa = PBXGroup;
			children = (
				765DB61E2C52829600AF1515 /* LikeTable.swift */,
				765DB6202C52846200AF1515 /* LikeTabelRepository.swift */,
			);
			path = Realm;
			sourceTree = "<group>";
		};
		765DB6192C5281F400AF1515 /* Utill */ = {
			isa = PBXGroup;
			children = (
				76B50D002C552E1A00E79B57 /* UserDefaultsManager */,
				765DB63F2C5379A900AF1515 /* Documnet */,
				765DB6362C536EB100AF1515 /* Formatter */,
				7641683F2C4E5D6E00C8845C /* API */,
				765DB6182C5281E100AF1515 /* Realm */,
			);
			path = Utill;
			sourceTree = "<group>";
		};
		765DB6262C533D4100AF1515 /* Controller */ = {
			isa = PBXGroup;
			children = (
				7641682B2C4E437500C8845C /* SaveViewController.swift */,
			);
			path = Controller;
			sourceTree = "<group>";
		};
		765DB6272C53441600AF1515 /* Model */ = {
			isa = PBXGroup;
			children = (
				765DB6282C53442200AF1515 /* SortDate.swift */,
			);
			path = Model;
			sourceTree = "<group>";
		};
		765DB62A2C534A0900AF1515 /* Detail */ = {
			isa = PBXGroup;
			children = (
				765DB6392C53765100AF1515 /* ViewModel */,
				765DB6322C5366CA00AF1515 /* Model */,
				765DB62B2C534A1400AF1515 /* Controller */,
			);
			path = Detail;
			sourceTree = "<group>";
		};
		765DB62B2C534A1400AF1515 /* Controller */ = {
			isa = PBXGroup;
			children = (
				765DB62C2C534A2200AF1515 /* DetailViewController.swift */,
			);
			path = Controller;
			sourceTree = "<group>";
		};
		765DB6322C5366CA00AF1515 /* Model */ = {
			isa = PBXGroup;
			children = (
				765DB6332C5366D900AF1515 /* PhotoData.swift */,
			);
			path = Model;
			sourceTree = "<group>";
		};
		765DB6362C536EB100AF1515 /* Formatter */ = {
			isa = PBXGroup;
			children = (
				765DB6372C536EC400AF1515 /* DateFormatterManager.swift */,
			);
			path = Formatter;
			sourceTree = "<group>";
		};
		765DB6392C53765100AF1515 /* ViewModel */ = {
			isa = PBXGroup;
			children = (
				765DB63A2C53766100AF1515 /* DetailViewModel.swift */,
			);
			path = ViewModel;
			sourceTree = "<group>";
		};
		765DB63F2C5379A900AF1515 /* Documnet */ = {
			isa = PBXGroup;
			children = (
				765DB6402C5379C500AF1515 /* DocumentManager.swift */,
			);
			path = Documnet;
			sourceTree = "<group>";
		};
		765DB6422C54D92100AF1515 /* Controller */ = {
			isa = PBXGroup;
			children = (
				764168252C4E434400C8845C /* TrendViewController.swift */,
			);
			path = Controller;
			sourceTree = "<group>";
		};
		765DB6432C54D92900AF1515 /* Views */ = {
			isa = PBXGroup;
			children = (
				765DB6442C54D94500AF1515 /* TrendTableViewCell.swift */,
			);
			path = Views;
			sourceTree = "<group>";
		};
		7688900B2C5125D6006CD489 /* Model */ = {
			isa = PBXGroup;
			children = (
				7688900C2C512602006CD489 /* ResultPhoto.swift */,
				765DB6242C533AB900AF1515 /* SearchPhoto.swift */,
			);
			path = Model;
			sourceTree = "<group>";
		};
		76B50CE52C55213D00E79B57 /* OnBoarding */ = {
			isa = PBXGroup;
			children = (
				76B50CF92C55291F00E79B57 /* OnBoarding */,
				76B50CE62C55215000E79B57 /* Nickname */,
				76B50CE72C55218A00E79B57 /* Image */,
			);
			path = OnBoarding;
			sourceTree = "<group>";
		};
		76B50CE62C55215000E79B57 /* Nickname */ = {
			isa = PBXGroup;
			children = (
				76B50CF62C55276F00E79B57 /* Model */,
				76B50CF22C55271700E79B57 /* ViewModel */,
				76B50D0A2C55533E00E79B57 /* View */,
				76B50CF32C55272600E79B57 /* Controller */,
			);
			path = Nickname;
			sourceTree = "<group>";
		};
		76B50CE72C55218A00E79B57 /* Image */ = {
			isa = PBXGroup;
			children = (
				76B50D072C553F3600E79B57 /* Model */,
				76B50CE92C5521FA00E79B57 /* View */,
				76B50CE82C5521EA00E79B57 /* Controller */,
			);
			path = Image;
			sourceTree = "<group>";
		};
		76B50CE82C5521EA00E79B57 /* Controller */ = {
			isa = PBXGroup;
			children = (
				76B50CEA2C55221000E79B57 /* SetImageViewController.swift */,
			);
			path = Controller;
			sourceTree = "<group>";
		};
		76B50CE92C5521FA00E79B57 /* View */ = {
			isa = PBXGroup;
			children = (
				76B50CEC2C55226E00E79B57 /* SetImageCollectionViewCell.swift */,
			);
			path = View;
			sourceTree = "<group>";
		};
		76B50CF22C55271700E79B57 /* ViewModel */ = {
			isa = PBXGroup;
			children = (
				76B50CF42C55274A00E79B57 /* OnBoardingViewModel.swift */,
			);
			path = ViewModel;
			sourceTree = "<group>";
		};
		76B50CF32C55272600E79B57 /* Controller */ = {
			isa = PBXGroup;
			children = (
				76B50CFE2C552A4800E79B57 /* SetNicknameViewConroller.swift */,
			);
			path = Controller;
			sourceTree = "<group>";
		};
		76B50CF62C55276F00E79B57 /* Model */ = {
			isa = PBXGroup;
			children = (
				76B50CF72C55277A00E79B57 /* State.swift */,
				76B50D052C5532A700E79B57 /* UserInfo.swift */,
				76B50D0D2C555A2100E79B57 /* MBTI.swift */,
			);
			path = Model;
			sourceTree = "<group>";
		};
		76B50CF92C55291F00E79B57 /* OnBoarding */ = {
			isa = PBXGroup;
			children = (
				76B50CFA2C55292F00E79B57 /* OnBoardingViewController.swift */,
			);
			path = OnBoarding;
			sourceTree = "<group>";
		};
		76B50D002C552E1A00E79B57 /* UserDefaultsManager */ = {
			isa = PBXGroup;
			children = (
				76B50D012C552E3300E79B57 /* UserDefaultsManager.swift */,
			);
			path = UserDefaultsManager;
			sourceTree = "<group>";
		};
		76B50D072C553F3600E79B57 /* Model */ = {
			isa = PBXGroup;
			children = (
				76B50D082C553F4F00E79B57 /* ProfileImageType.swift */,
			);
			path = Model;
			sourceTree = "<group>";
		};
		76B50D0A2C55533E00E79B57 /* View */ = {
			isa = PBXGroup;
			children = (
				76B50D0B2C55536500E79B57 /* SetMbtiCollectionViewCell.swift */,
			);
			path = View;
			sourceTree = "<group>";
		};
/* End PBXGroup section */

/* Begin PBXNativeTarget section */
		764167FB2C4E31E600C8845C /* HelloMyHearts */ = {
			isa = PBXNativeTarget;
			buildConfigurationList = 764168102C4E31E700C8845C /* Build configuration list for PBXNativeTarget "HelloMyHearts" */;
			buildPhases = (
				764167F82C4E31E600C8845C /* Sources */,
				764167F92C4E31E600C8845C /* Frameworks */,
				764167FA2C4E31E600C8845C /* Resources */,
				76C1DBDE2C578D9300025575 /* Embed Frameworks */,
			);
			buildRules = (
			);
			dependencies = (
			);
			name = HelloMyHearts;
			packageProductDependencies = (
				76C1DBC72C578D0C00025575 /* IQKeyboardManagerSwift */,
				76C1DBCA2C578D1E00025575 /* RealmSwift */,
				76C1DBCD2C578D2500025575 /* Toast */,
				76C1DBD02C578D2D00025575 /* Kingfisher */,
				76C1DBD32C578D3700025575 /* Alamofire */,
				76C1DBDB2C578D4700025575 /* SnapKit */,
			);
			productName = HelloMyHearts;
			productReference = 764167FC2C4E31E600C8845C /* HelloMyHearts.app */;
			productType = "com.apple.product-type.application";
		};
/* End PBXNativeTarget section */

/* Begin PBXProject section */
		764167F42C4E31E600C8845C /* Project object */ = {
			isa = PBXProject;
			attributes = {
				BuildIndependentTargetsInParallel = 1;
				LastSwiftUpdateCheck = 1500;
				LastUpgradeCheck = 1500;
				TargetAttributes = {
					764167FB2C4E31E600C8845C = {
						CreatedOnToolsVersion = 15.0.1;
					};
				};
			};
			buildConfigurationList = 764167F72C4E31E600C8845C /* Build configuration list for PBXProject "HelloMyHearts" */;
			compatibilityVersion = "Xcode 14.0";
			developmentRegion = en;
			hasScannedForEncodings = 0;
			knownRegions = (
				en,
				Base,
			);
			mainGroup = 764167F32C4E31E600C8845C;
			packageReferences = (
				76C1DBC62C578D0C00025575 /* XCRemoteSwiftPackageReference "IQKeyboardManager" */,
				76C1DBC92C578D1E00025575 /* XCRemoteSwiftPackageReference "realm-swift" */,
				76C1DBCC2C578D2500025575 /* XCRemoteSwiftPackageReference "Toast-Swift" */,
				76C1DBCF2C578D2D00025575 /* XCRemoteSwiftPackageReference "Kingfisher" */,
				76C1DBD22C578D3600025575 /* XCRemoteSwiftPackageReference "Alamofire" */,
				76C1DBDA2C578D4700025575 /* XCRemoteSwiftPackageReference "SnapKit" */,
			);
			productRefGroup = 764167FD2C4E31E600C8845C /* Products */;
			projectDirPath = "";
			projectRoot = "";
			targets = (
				764167FB2C4E31E600C8845C /* HelloMyHearts */,
			);
		};
/* End PBXProject section */

/* Begin PBXResourcesBuildPhase section */
		764167FA2C4E31E600C8845C /* Resources */ = {
			isa = PBXResourcesBuildPhase;
			buildActionMask = 2147483647;
			files = (
				7641680C2C4E31E700C8845C /* LaunchScreen.storyboard in Resources */,
				764168142C4E331700C8845C /* .gitignore in Resources */,
				764168092C4E31E700C8845C /* Assets.xcassets in Resources */,
			);
			runOnlyForDeploymentPostprocessing = 0;
		};
/* End PBXResourcesBuildPhase section */

/* Begin PBXSourcesBuildPhase section */
		764167F82C4E31E600C8845C /* Sources */ = {
			isa = PBXSourcesBuildPhase;
			buildActionMask = 2147483647;
			files = (
				764168002C4E31E600C8845C /* AppDelegate.swift in Sources */,
				7688900A2C5122AD006CD489 /* APIKey.swift in Sources */,
				765DB6382C536EC400AF1515 /* DateFormatterManager.swift in Sources */,
				765DB6312C535D8900AF1515 /* Bold15FontLabel.swift in Sources */,
				765DB6412C5379C500AF1515 /* DocumentManager.swift in Sources */,
				7641682C2C4E437500C8845C /* SaveViewController.swift in Sources */,
				76B50CFB2C55292F00E79B57 /* OnBoardingViewController.swift in Sources */,
				76B50D092C553F4F00E79B57 /* ProfileImageType.swift in Sources */,
				765DB64C2C54F4C500AF1515 /* URLComponent.swift in Sources */,
				76B50CF52C55274A00E79B57 /* OnBoardingViewModel.swift in Sources */,
				765DB6342C5366D900AF1515 /* PhotoData.swift in Sources */,
				765DB61F2C52829600AF1515 /* LikeTable.swift in Sources */,
				764168312C4E4F3300C8845C /* PhotoCollectionViewCell.swift in Sources */,
				7641681A2C4E347000C8845C /* UIColor+.swift in Sources */,
				76B50CED2C55226E00E79B57 /* SetImageCollectionViewCell.swift in Sources */,
				764168022C4E31E600C8845C /* SceneDelegate.swift in Sources */,
				765DB6452C54D94500AF1515 /* TrendTableViewCell.swift in Sources */,
				7641683C2C4E595300C8845C /* BaseViewController.swift in Sources */,
				765DB62F2C53586B00AF1515 /* TextAlignmentRightLabel.swift in Sources */,
				765DB63E2C53767500AF1515 /* Observable.swift in Sources */,
				765DB6252C533AB900AF1515 /* SearchPhoto.swift in Sources */,
				7688900D2C512602006CD489 /* ResultPhoto.swift in Sources */,
				768890052C512208006CD489 /* APIService.swift in Sources */,
				764168342C4E4F5200C8845C /* BaseCollectionViewCell.swift in Sources */,
				7641683A2C4E509A00C8845C /* GrayBackgroundView.swift in Sources */,
				76B50CF82C55277A00E79B57 /* State.swift in Sources */,
				76B50D0E2C555A2100E79B57 /* MBTI.swift in Sources */,
				7641682A2C4E436D00C8845C /* SearchViewController.swift in Sources */,
				7641683E2C4E5B3300C8845C /* BarView.swift in Sources */,
				764168202C4E426100C8845C /* TabBarViewController.swift in Sources */,
				76B50D062C5532A700E79B57 /* UserInfo.swift in Sources */,
				76B50D102C55A0A000E79B57 /* UIButton+.swift in Sources */,
				76B50CFD2C5529AA00E79B57 /* AccentColorButton.swift in Sources */,
				764168262C4E434400C8845C /* TrendViewController.swift in Sources */,
				765DB6522C54F96700AF1515 /* Topic.swift in Sources */,
				76B50D022C552E3300E79B57 /* UserDefaultsManager.swift in Sources */,
				764168462C4E62C500C8845C /* ReuseIdentifierProtocol.swift in Sources */,
				765DB6232C5286BC00AF1515 /* UIViewController+.swift in Sources */,
				76B50CF12C55248200E79B57 /* UIImage+.swift in Sources */,
				765DB6212C52846200AF1515 /* LikeTabelRepository.swift in Sources */,
				765DB6292C53442200AF1515 /* SortDate.swift in Sources */,
				764168282C4E436400C8845C /* RandomImageViewController.swift in Sources */,
				76B50D0C2C55536500E79B57 /* SetMbtiCollectionViewCell.swift in Sources */,
				76B50CFF2C552A4800E79B57 /* SetNicknameViewConroller.swift in Sources */,
				764168412C4E5D9600C8845C /* Sort.swift in Sources */,
				764168482C4E632600C8845C /* UIView+.swift in Sources */,
				764168172C4E340C00C8845C /* Constant.swift in Sources */,
				76B50CEF2C5522ED00E79B57 /* ProfileImageView.swift in Sources */,
				764168432C4E5F7200C8845C /* BorderedButton.swift in Sources */,
				7641681E2C4E3FD700C8845C /* TabBar.swift in Sources */,
				76B50CEB2C55221000E79B57 /* SetImageViewController.swift in Sources */,
				765DB63B2C53766100AF1515 /* DetailViewModel.swift in Sources */,
				765DB62D2C534A2200AF1515 /* DetailViewController.swift in Sources */,
			);
			runOnlyForDeploymentPostprocessing = 0;
		};
/* End PBXSourcesBuildPhase section */

/* Begin PBXVariantGroup section */
		7641680A2C4E31E700C8845C /* LaunchScreen.storyboard */ = {
			isa = PBXVariantGroup;
			children = (
				7641680B2C4E31E700C8845C /* Base */,
			);
			name = LaunchScreen.storyboard;
			sourceTree = "<group>";
		};
/* End PBXVariantGroup section */

/* Begin XCBuildConfiguration section */
		7641680E2C4E31E700C8845C /* Debug */ = {
			isa = XCBuildConfiguration;
			buildSettings = {
				ALWAYS_SEARCH_USER_PATHS = NO;
				ASSETCATALOG_COMPILER_GENERATE_SWIFT_ASSET_SYMBOL_EXTENSIONS = YES;
				CLANG_ANALYZER_NONNULL = YES;
				CLANG_ANALYZER_NUMBER_OBJECT_CONVERSION = YES_AGGRESSIVE;
				CLANG_CXX_LANGUAGE_STANDARD = "gnu++20";
				CLANG_ENABLE_MODULES = YES;
				CLANG_ENABLE_OBJC_ARC = YES;
				CLANG_ENABLE_OBJC_WEAK = YES;
				CLANG_WARN_BLOCK_CAPTURE_AUTORELEASING = YES;
				CLANG_WARN_BOOL_CONVERSION = YES;
				CLANG_WARN_COMMA = YES;
				CLANG_WARN_CONSTANT_CONVERSION = YES;
				CLANG_WARN_DEPRECATED_OBJC_IMPLEMENTATIONS = YES;
				CLANG_WARN_DIRECT_OBJC_ISA_USAGE = YES_ERROR;
				CLANG_WARN_DOCUMENTATION_COMMENTS = YES;
				CLANG_WARN_EMPTY_BODY = YES;
				CLANG_WARN_ENUM_CONVERSION = YES;
				CLANG_WARN_INFINITE_RECURSION = YES;
				CLANG_WARN_INT_CONVERSION = YES;
				CLANG_WARN_NON_LITERAL_NULL_CONVERSION = YES;
				CLANG_WARN_OBJC_IMPLICIT_RETAIN_SELF = YES;
				CLANG_WARN_OBJC_LITERAL_CONVERSION = YES;
				CLANG_WARN_OBJC_ROOT_CLASS = YES_ERROR;
				CLANG_WARN_QUOTED_INCLUDE_IN_FRAMEWORK_HEADER = YES;
				CLANG_WARN_RANGE_LOOP_ANALYSIS = YES;
				CLANG_WARN_STRICT_PROTOTYPES = YES;
				CLANG_WARN_SUSPICIOUS_MOVE = YES;
				CLANG_WARN_UNGUARDED_AVAILABILITY = YES_AGGRESSIVE;
				CLANG_WARN_UNREACHABLE_CODE = YES;
				CLANG_WARN__DUPLICATE_METHOD_MATCH = YES;
				COPY_PHASE_STRIP = NO;
				DEBUG_INFORMATION_FORMAT = dwarf;
				ENABLE_STRICT_OBJC_MSGSEND = YES;
				ENABLE_TESTABILITY = YES;
				ENABLE_USER_SCRIPT_SANDBOXING = YES;
				GCC_C_LANGUAGE_STANDARD = gnu17;
				GCC_DYNAMIC_NO_PIC = NO;
				GCC_NO_COMMON_BLOCKS = YES;
				GCC_OPTIMIZATION_LEVEL = 0;
				GCC_PREPROCESSOR_DEFINITIONS = (
					"DEBUG=1",
					"$(inherited)",
				);
				GCC_WARN_64_TO_32_BIT_CONVERSION = YES;
				GCC_WARN_ABOUT_RETURN_TYPE = YES_ERROR;
				GCC_WARN_UNDECLARED_SELECTOR = YES;
				GCC_WARN_UNINITIALIZED_AUTOS = YES_AGGRESSIVE;
				GCC_WARN_UNUSED_FUNCTION = YES;
				GCC_WARN_UNUSED_VARIABLE = YES;
				IPHONEOS_DEPLOYMENT_TARGET = 17.0;
				LOCALIZATION_PREFERS_STRING_CATALOGS = YES;
				MTL_ENABLE_DEBUG_INFO = INCLUDE_SOURCE;
				MTL_FAST_MATH = YES;
				ONLY_ACTIVE_ARCH = YES;
				SDKROOT = iphoneos;
				SWIFT_ACTIVE_COMPILATION_CONDITIONS = "DEBUG $(inherited)";
				SWIFT_OPTIMIZATION_LEVEL = "-Onone";
			};
			name = Debug;
		};
		7641680F2C4E31E700C8845C /* Release */ = {
			isa = XCBuildConfiguration;
			buildSettings = {
				ALWAYS_SEARCH_USER_PATHS = NO;
				ASSETCATALOG_COMPILER_GENERATE_SWIFT_ASSET_SYMBOL_EXTENSIONS = YES;
				CLANG_ANALYZER_NONNULL = YES;
				CLANG_ANALYZER_NUMBER_OBJECT_CONVERSION = YES_AGGRESSIVE;
				CLANG_CXX_LANGUAGE_STANDARD = "gnu++20";
				CLANG_ENABLE_MODULES = YES;
				CLANG_ENABLE_OBJC_ARC = YES;
				CLANG_ENABLE_OBJC_WEAK = YES;
				CLANG_WARN_BLOCK_CAPTURE_AUTORELEASING = YES;
				CLANG_WARN_BOOL_CONVERSION = YES;
				CLANG_WARN_COMMA = YES;
				CLANG_WARN_CONSTANT_CONVERSION = YES;
				CLANG_WARN_DEPRECATED_OBJC_IMPLEMENTATIONS = YES;
				CLANG_WARN_DIRECT_OBJC_ISA_USAGE = YES_ERROR;
				CLANG_WARN_DOCUMENTATION_COMMENTS = YES;
				CLANG_WARN_EMPTY_BODY = YES;
				CLANG_WARN_ENUM_CONVERSION = YES;
				CLANG_WARN_INFINITE_RECURSION = YES;
				CLANG_WARN_INT_CONVERSION = YES;
				CLANG_WARN_NON_LITERAL_NULL_CONVERSION = YES;
				CLANG_WARN_OBJC_IMPLICIT_RETAIN_SELF = YES;
				CLANG_WARN_OBJC_LITERAL_CONVERSION = YES;
				CLANG_WARN_OBJC_ROOT_CLASS = YES_ERROR;
				CLANG_WARN_QUOTED_INCLUDE_IN_FRAMEWORK_HEADER = YES;
				CLANG_WARN_RANGE_LOOP_ANALYSIS = YES;
				CLANG_WARN_STRICT_PROTOTYPES = YES;
				CLANG_WARN_SUSPICIOUS_MOVE = YES;
				CLANG_WARN_UNGUARDED_AVAILABILITY = YES_AGGRESSIVE;
				CLANG_WARN_UNREACHABLE_CODE = YES;
				CLANG_WARN__DUPLICATE_METHOD_MATCH = YES;
				COPY_PHASE_STRIP = NO;
				DEBUG_INFORMATION_FORMAT = "dwarf-with-dsym";
				ENABLE_NS_ASSERTIONS = NO;
				ENABLE_STRICT_OBJC_MSGSEND = YES;
				ENABLE_USER_SCRIPT_SANDBOXING = YES;
				GCC_C_LANGUAGE_STANDARD = gnu17;
				GCC_NO_COMMON_BLOCKS = YES;
				GCC_WARN_64_TO_32_BIT_CONVERSION = YES;
				GCC_WARN_ABOUT_RETURN_TYPE = YES_ERROR;
				GCC_WARN_UNDECLARED_SELECTOR = YES;
				GCC_WARN_UNINITIALIZED_AUTOS = YES_AGGRESSIVE;
				GCC_WARN_UNUSED_FUNCTION = YES;
				GCC_WARN_UNUSED_VARIABLE = YES;
				IPHONEOS_DEPLOYMENT_TARGET = 17.0;
				LOCALIZATION_PREFERS_STRING_CATALOGS = YES;
				MTL_ENABLE_DEBUG_INFO = NO;
				MTL_FAST_MATH = YES;
				SDKROOT = iphoneos;
				SWIFT_COMPILATION_MODE = wholemodule;
				VALIDATE_PRODUCT = YES;
			};
			name = Release;
		};
		764168112C4E31E700C8845C /* Debug */ = {
			isa = XCBuildConfiguration;
			buildSettings = {
				ASSETCATALOG_COMPILER_APPICON_NAME = AppIcon;
				ASSETCATALOG_COMPILER_GLOBAL_ACCENT_COLOR_NAME = AccentColor;
				CODE_SIGN_STYLE = Automatic;
				CURRENT_PROJECT_VERSION = 1;
				DEVELOPMENT_TEAM = A9AQ72K5MY;
				GENERATE_INFOPLIST_FILE = YES;
				INFOPLIST_FILE = HelloMyHearts/Info.plist;
				INFOPLIST_KEY_UIApplicationSupportsIndirectInputEvents = YES;
				INFOPLIST_KEY_UILaunchStoryboardName = LaunchScreen;
				INFOPLIST_KEY_UIMainStoryboardFile = "";
				INFOPLIST_KEY_UISupportedInterfaceOrientations = UIInterfaceOrientationPortrait;
				INFOPLIST_KEY_UISupportedInterfaceOrientations_iPad = UIInterfaceOrientationPortrait;
				IPHONEOS_DEPLOYMENT_TARGET = 15.0;
				LD_RUNPATH_SEARCH_PATHS = (
					"$(inherited)",
					"@executable_path/Frameworks",
				);
				MARKETING_VERSION = 1.0;
				PRODUCT_BUNDLE_IDENTIFIER = com.iyeah.HelloMyHearts;
				PRODUCT_NAME = "$(TARGET_NAME)";
				SUPPORTED_PLATFORMS = "iphoneos iphonesimulator";
				SUPPORTS_MACCATALYST = NO;
				SUPPORTS_MAC_DESIGNED_FOR_IPHONE_IPAD = NO;
				SUPPORTS_XR_DESIGNED_FOR_IPHONE_IPAD = NO;
				SWIFT_EMIT_LOC_STRINGS = YES;
				SWIFT_VERSION = 5.0;
				TARGETED_DEVICE_FAMILY = 1;
			};
			name = Debug;
		};
		764168122C4E31E700C8845C /* Release */ = {
			isa = XCBuildConfiguration;
			buildSettings = {
				ASSETCATALOG_COMPILER_APPICON_NAME = AppIcon;
				ASSETCATALOG_COMPILER_GLOBAL_ACCENT_COLOR_NAME = AccentColor;
				CODE_SIGN_STYLE = Automatic;
				CURRENT_PROJECT_VERSION = 1;
				DEVELOPMENT_TEAM = A9AQ72K5MY;
				GENERATE_INFOPLIST_FILE = YES;
				INFOPLIST_FILE = HelloMyHearts/Info.plist;
				INFOPLIST_KEY_UIApplicationSupportsIndirectInputEvents = YES;
				INFOPLIST_KEY_UILaunchStoryboardName = LaunchScreen;
				INFOPLIST_KEY_UIMainStoryboardFile = "";
				INFOPLIST_KEY_UISupportedInterfaceOrientations = UIInterfaceOrientationPortrait;
				INFOPLIST_KEY_UISupportedInterfaceOrientations_iPad = UIInterfaceOrientationPortrait;
				IPHONEOS_DEPLOYMENT_TARGET = 15.0;
				LD_RUNPATH_SEARCH_PATHS = (
					"$(inherited)",
					"@executable_path/Frameworks",
				);
				MARKETING_VERSION = 1.0;
				PRODUCT_BUNDLE_IDENTIFIER = com.iyeah.HelloMyHearts;
				PRODUCT_NAME = "$(TARGET_NAME)";
				SUPPORTED_PLATFORMS = "iphoneos iphonesimulator";
				SUPPORTS_MACCATALYST = NO;
				SUPPORTS_MAC_DESIGNED_FOR_IPHONE_IPAD = NO;
				SUPPORTS_XR_DESIGNED_FOR_IPHONE_IPAD = NO;
				SWIFT_EMIT_LOC_STRINGS = YES;
				SWIFT_VERSION = 5.0;
				TARGETED_DEVICE_FAMILY = 1;
			};
			name = Release;
		};
/* End XCBuildConfiguration section */

/* Begin XCConfigurationList section */
		764167F72C4E31E600C8845C /* Build configuration list for PBXProject "HelloMyHearts" */ = {
			isa = XCConfigurationList;
			buildConfigurations = (
				7641680E2C4E31E700C8845C /* Debug */,
				7641680F2C4E31E700C8845C /* Release */,
			);
			defaultConfigurationIsVisible = 0;
			defaultConfigurationName = Release;
		};
		764168102C4E31E700C8845C /* Build configuration list for PBXNativeTarget "HelloMyHearts" */ = {
			isa = XCConfigurationList;
			buildConfigurations = (
				764168112C4E31E700C8845C /* Debug */,
				764168122C4E31E700C8845C /* Release */,
			);
			defaultConfigurationIsVisible = 0;
			defaultConfigurationName = Release;
		};
/* End XCConfigurationList section */

/* Begin XCRemoteSwiftPackageReference section */
		76C1DBC62C578D0C00025575 /* XCRemoteSwiftPackageReference "IQKeyboardManager" */ = {
			isa = XCRemoteSwiftPackageReference;
			repositoryURL = "https://github.com/hackiftekhar/IQKeyboardManager.git";
			requirement = {
				kind = upToNextMajorVersion;
				minimumVersion = 7.1.1;
			};
		};
		76C1DBC92C578D1E00025575 /* XCRemoteSwiftPackageReference "realm-swift" */ = {
			isa = XCRemoteSwiftPackageReference;
			repositoryURL = "https://github.com/realm/realm-swift.git";
			requirement = {
				kind = exactVersion;
				version = 10.52.1;
			};
		};
		76C1DBCC2C578D2500025575 /* XCRemoteSwiftPackageReference "Toast-Swift" */ = {
			isa = XCRemoteSwiftPackageReference;
			repositoryURL = "https://github.com/scalessec/Toast-Swift.git";
			requirement = {
				kind = upToNextMajorVersion;
				minimumVersion = 5.1.1;
			};
		};
		76C1DBCF2C578D2D00025575 /* XCRemoteSwiftPackageReference "Kingfisher" */ = {
			isa = XCRemoteSwiftPackageReference;
			repositoryURL = "https://github.com/onevcat/Kingfisher.git";
			requirement = {
				kind = upToNextMajorVersion;
				minimumVersion = 7.12.0;
			};
		};
		76C1DBD22C578D3600025575 /* XCRemoteSwiftPackageReference "Alamofire" */ = {
			isa = XCRemoteSwiftPackageReference;
			repositoryURL = "https://github.com/Alamofire/Alamofire.git";
			requirement = {
				kind = upToNextMajorVersion;
				minimumVersion = 5.9.1;
			};
		};
		76C1DBDA2C578D4700025575 /* XCRemoteSwiftPackageReference "SnapKit" */ = {
			isa = XCRemoteSwiftPackageReference;
			repositoryURL = "https://github.com/SnapKit/SnapKit.git";
			requirement = {
				kind = upToNextMajorVersion;
				minimumVersion = 5.7.1;
			};
		};
/* End XCRemoteSwiftPackageReference section */

/* Begin XCSwiftPackageProductDependency section */
		76C1DBC72C578D0C00025575 /* IQKeyboardManagerSwift */ = {
			isa = XCSwiftPackageProductDependency;
			package = 76C1DBC62C578D0C00025575 /* XCRemoteSwiftPackageReference "IQKeyboardManager" */;
			productName = IQKeyboardManagerSwift;
		};
		76C1DBCA2C578D1E00025575 /* RealmSwift */ = {
			isa = XCSwiftPackageProductDependency;
			package = 76C1DBC92C578D1E00025575 /* XCRemoteSwiftPackageReference "realm-swift" */;
			productName = RealmSwift;
		};
		76C1DBCD2C578D2500025575 /* Toast */ = {
			isa = XCSwiftPackageProductDependency;
			package = 76C1DBCC2C578D2500025575 /* XCRemoteSwiftPackageReference "Toast-Swift" */;
			productName = Toast;
		};
		76C1DBD02C578D2D00025575 /* Kingfisher */ = {
			isa = XCSwiftPackageProductDependency;
			package = 76C1DBCF2C578D2D00025575 /* XCRemoteSwiftPackageReference "Kingfisher" */;
			productName = Kingfisher;
		};
		76C1DBD32C578D3700025575 /* Alamofire */ = {
			isa = XCSwiftPackageProductDependency;
			package = 76C1DBD22C578D3600025575 /* XCRemoteSwiftPackageReference "Alamofire" */;
			productName = Alamofire;
		};
		76C1DBDB2C578D4700025575 /* SnapKit */ = {
			isa = XCSwiftPackageProductDependency;
			package = 76C1DBDA2C578D4700025575 /* XCRemoteSwiftPackageReference "SnapKit" */;
			productName = SnapKit;
		};
/* End XCSwiftPackageProductDependency section */
	};
	rootObject = 764167F42C4E31E600C8845C /* Project object */;
}
